
Microsoft Visual Studio Solution File, Format Version 12.00
# Visual Studio Version 16
VisualStudioVersion = 16.0.29418.71
MinimumVisualStudioVersion = 10.0.40219.1
Project("{2150E333-8FDC-42A3-9474-1A3956D46DE8}") = "Source", "Source", "{BBD6AA80-7A88-4CA0-8567-5EC3F20827CF}"
EndProject
Project("{9A19103F-16F7-4668-BE54-9A1E7A4F7556}") = "NeuralNetwork.Core", "Source\NeuralNetwork.Core\NeuralNetwork.Core.csproj", "{A998B602-77C1-4788-870B-F24DD9F9F20C}"
EndProject
Project("{FAE04EC0-301F-11D3-BF4B-00C04F79EFBC}") = "NeuralNetwork.ConsoleClient", "Source\NeuralNetwork.ConsoleClient\NeuralNetwork.ConsoleClient.csproj", "{07497466-DD98-4115-AB13-6F8B9B3B936F}"
EndProject
Global
	GlobalSection(SolutionConfigurationPlatforms) = preSolution
		Debug|Any CPU = Debug|Any CPU
		Release|Any CPU = Release|Any CPU
	EndGlobalSection
	GlobalSection(ProjectConfigurationPlatforms) = postSolution
		{A998B602-77C1-4788-870B-F24DD9F9F20C}.Debug|Any CPU.ActiveCfg = Debug|Any CPU
		{A998B602-77C1-4788-870B-F24DD9F9F20C}.Debug|Any CPU.Build.0 = Debug|Any CPU
		{A998B602-77C1-4788-870B-F24DD9F9F20C}.Release|Any CPU.ActiveCfg = Release|Any CPU
		{A998B602-77C1-4788-870B-F24DD9F9F20C}.Release|Any CPU.Build.0 = Release|Any CPU
		{07497466-DD98-4115-AB13-6F8B9B3B936F}.Debug|Any CPU.ActiveCfg = Debug|Any CPU
		{07497466-DD98-4115-AB13-6F8B9B3B936F}.Debug|Any CPU.Build.0 = Debug|Any CPU
		{07497466-DD98-4115-AB13-6F8B9B3B936F}.Release|Any CPU.ActiveCfg = Release|Any CPU
		{07497466-DD98-4115-AB13-6F8B9B3B936F}.Release|Any CPU.Build.0 = Release|Any CPU
	EndGlobalSection
	GlobalSection(SolutionProperties) = preSolution
		HideSolutionNode = FALSE
	EndGlobalSection
	GlobalSection(NestedProjects) = preSolution
		{A998B602-77C1-4788-870B-F24DD9F9F20C} = {BBD6AA80-7A88-4CA0-8567-5EC3F20827CF}
		{07497466-DD98-4115-AB13-6F8B9B3B936F} = {BBD6AA80-7A88-4CA0-8567-5EC3F20827CF}
	EndGlobalSection
	GlobalSection(ExtensibilityGlobals) = postSolution
		SolutionGuid = {9A3BE436-6252-4B0D-BB2A-658EA06A9E98}
	EndGlobalSection
EndGlobal
